PODS:
  - FLAnimatedImage (1.0.12)

DEPENDENCIES:
  - FLAnimatedImage

SPEC REPOS:
  https://github.com/cocoapods/specs.git:
    - FLAnimatedImage

SPEC CHECKSUMS:
  FLAnimatedImage: 4a0b56255d9b05f18b6dd7ee06871be5d3b89e31

PODFILE CHECKSUM: ecaa739669fd7d958fe89e8a19d1592761035103

COCOAPODS: 1.6.0
